
Microsoft Visual Studio Solution File, Format Version 12.00
# Visual Studio Version 17
VisualStudioVersion = 17.9.34728.123
MinimumVisualStudioVersion = 10.0.40219.1
Project("{9A19103F-16F7-4668-BE54-9A1E7A4F7556}") = "SetOperationsVennApp", "SetOperationsVennApp.csproj", "{7E8A1E40-E155-48CF-9E82-36C7D66C60C1}"
EndProject
Global
	GlobalSection(SolutionConfigurationPlatforms) = preSolution
		Debug|Any CPU = Debug|Any CPU
		Release|Any CPU = Release|Any CPU
	EndGlobalSection
	GlobalSection(ProjectConfigurationPlatforms) = postSolution
		{7E8A1E40-E155-48CF-9E82-36C7D66C60C1}.Debug|Any CPU.ActiveCfg = Debug|Any CPU
		{7E8A1E40-E155-48CF-9E82-36C7D66C60C1}.Debug|Any CPU.Build.0 = Debug|Any CPU
		{7E8A1E40-E155-48CF-9E82-36C7D66C60C1}.Release|Any CPU.ActiveCfg = Release|Any CPU
		{7E8A1E40-E155-48CF-9E82-36C7D66C60C1}.Release|Any CPU.Build.0 = Release|Any CPU
	EndGlobalSection
	GlobalSection(SolutionProperties) = preSolution
		HideSolutionNode = FALSE
	EndGlobalSection
	GlobalSection(ExtensibilityGlobals) = postSolution
		SolutionGuid = {1B323049-33C4-4365-82E6-63293A864431}
	EndGlobalSection
EndGlobal
